
Microsoft Visual Studio Solution File, Format Version 12.00
# Visual Studio 14
VisualStudioVersion = 14.0.25420.1
MinimumVisualStudioVersion = 10.0.40219.1
Project("{FAE04EC0-301F-11D3-BF4B-00C04F79EFBC}") = "SPipeline.Core", "src\SPipeline.Core\SPipeline.Core.csproj", "{8ECF58F2-2E96-4103-A519-605EE70D5423}"
EndProject
Project("{2150E333-8FDC-42A3-9474-1A3956D46DE8}") = "src", "src", "{AC261243-C5E2-4A63-934D-E1F07AB89419}"
EndProject
Project("{FAE04EC0-301F-11D3-BF4B-00C04F79EFBC}") = "SPipeline.Pipeline", "src\SPipeline.Pipeline\SPipeline.Pipeline.csproj", "{D240CF1B-A9E0-48AC-93DA-1EDBCEC2F25E}"
EndProject
Project("{2150E333-8FDC-42A3-9474-1A3956D46DE8}") = "test", "test", "{8AF0CA0C-84D9-4D9B-ADDE-01491CAEA23B}"
EndProject
Project("{FAE04EC0-301F-11D3-BF4B-00C04F79EFBC}") = "SPipeline.Pipeline.Test", "test\SPipeline.Pipeline.Test\SPipeline.Pipeline.Test.csproj", "{B4EA2029-EABC-4DC2-8EA0-F66ACCD0CAB6}"
EndProject
Project("{FAE04EC0-301F-11D3-BF4B-00C04F79EFBC}") = "SPipeline.Cloud.Azure", "src\SPipeline.Cloud.Azure\SPipeline.Cloud.Azure.csproj", "{2AC478F1-DF22-4B22-8332-AC0A8DACCBF1}"
EndProject
Project("{FAE04EC0-301F-11D3-BF4B-00C04F79EFBC}") = "SPipeline.Cloud.AWS", "src\SPipeline.Cloud.AWS\SPipeline.Cloud.AWS.csproj", "{18A9F6EF-D41D-4256-A5F8-C585F84133C6}"
EndProject
Global
	GlobalSection(SolutionConfigurationPlatforms) = preSolution
		Debug|Any CPU = Debug|Any CPU
		Release|Any CPU = Release|Any CPU
	EndGlobalSection
	GlobalSection(ProjectConfigurationPlatforms) = postSolution
		{8ECF58F2-2E96-4103-A519-605EE70D5423}.Debug|Any CPU.ActiveCfg = Debug|Any CPU
		{8ECF58F2-2E96-4103-A519-605EE70D5423}.Debug|Any CPU.Build.0 = Debug|Any CPU
		{8ECF58F2-2E96-4103-A519-605EE70D5423}.Release|Any CPU.ActiveCfg = Release|Any CPU
		{8ECF58F2-2E96-4103-A519-605EE70D5423}.Release|Any CPU.Build.0 = Release|Any CPU
		{D240CF1B-A9E0-48AC-93DA-1EDBCEC2F25E}.Debug|Any CPU.ActiveCfg = Debug|Any CPU
		{D240CF1B-A9E0-48AC-93DA-1EDBCEC2F25E}.Debug|Any CPU.Build.0 = Debug|Any CPU
		{D240CF1B-A9E0-48AC-93DA-1EDBCEC2F25E}.Release|Any CPU.ActiveCfg = Release|Any CPU
		{D240CF1B-A9E0-48AC-93DA-1EDBCEC2F25E}.Release|Any CPU.Build.0 = Release|Any CPU
		{B4EA2029-EABC-4DC2-8EA0-F66ACCD0CAB6}.Debug|Any CPU.ActiveCfg = Debug|Any CPU
		{B4EA2029-EABC-4DC2-8EA0-F66ACCD0CAB6}.Debug|Any CPU.Build.0 = Debug|Any CPU
		{B4EA2029-EABC-4DC2-8EA0-F66ACCD0CAB6}.Release|Any CPU.ActiveCfg = Release|Any CPU
		{B4EA2029-EABC-4DC2-8EA0-F66ACCD0CAB6}.Release|Any CPU.Build.0 = Release|Any CPU
		{2AC478F1-DF22-4B22-8332-AC0A8DACCBF1}.Debug|Any CPU.ActiveCfg = Debug|Any CPU
		{2AC478F1-DF22-4B22-8332-AC0A8DACCBF1}.Debug|Any CPU.Build.0 = Debug|Any CPU
		{2AC478F1-DF22-4B22-8332-AC0A8DACCBF1}.Release|Any CPU.ActiveCfg = Release|Any CPU
		{2AC478F1-DF22-4B22-8332-AC0A8DACCBF1}.Release|Any CPU.Build.0 = Release|Any CPU
		{18A9F6EF-D41D-4256-A5F8-C585F84133C6}.Debug|Any CPU.ActiveCfg = Debug|Any CPU
		{18A9F6EF-D41D-4256-A5F8-C585F84133C6}.Debug|Any CPU.Build.0 = Debug|Any CPU
		{18A9F6EF-D41D-4256-A5F8-C585F84133C6}.Release|Any CPU.ActiveCfg = Release|Any CPU
		{18A9F6EF-D41D-4256-A5F8-C585F84133C6}.Release|Any CPU.Build.0 = Release|Any CPU
	EndGlobalSection
	GlobalSection(SolutionProperties) = preSolution
		HideSolutionNode = FALSE
	EndGlobalSection
	GlobalSection(NestedProjects) = preSolution
		{8ECF58F2-2E96-4103-A519-605EE70D5423} = {AC261243-C5E2-4A63-934D-E1F07AB89419}
		{D240CF1B-A9E0-48AC-93DA-1EDBCEC2F25E} = {AC261243-C5E2-4A63-934D-E1F07AB89419}
		{B4EA2029-EABC-4DC2-8EA0-F66ACCD0CAB6} = {8AF0CA0C-84D9-4D9B-ADDE-01491CAEA23B}
		{2AC478F1-DF22-4B22-8332-AC0A8DACCBF1} = {AC261243-C5E2-4A63-934D-E1F07AB89419}
		{18A9F6EF-D41D-4256-A5F8-C585F84133C6} = {AC261243-C5E2-4A63-934D-E1F07AB89419}
	EndGlobalSection
EndGlobal
